
Microsoft Visual Studio Solution File, Format Version 11.00
# Visual Studio 2010
Project("{FAE04EC0-301F-11D3-BF4B-00C04F79EFBC}") = "Assembly-CSharp", "Assembly-CSharp.csproj", "{96642f0e-6131-184e-e066-404368b653bf}"
EndProject
Global
	GlobalSection(SolutionConfigurationPlatforms) = preSolution
		Debug|Any CPU = Debug|Any CPU
		Release|Any CPU = Release|Any CPU
	EndGlobalSection
	GlobalSection(ProjectConfigurationPlatforms) = postSolution
		{96642f0e-6131-184e-e066-404368b653bf}.Debug|Any CPU.ActiveCfg = Debug|Any CPU
		{96642f0e-6131-184e-e066-404368b653bf}.Debug|Any CPU.Build.0 = Debug|Any CPU
		{96642f0e-6131-184e-e066-404368b653bf}.Release|Any CPU.ActiveCfg = Release|Any CPU
		{96642f0e-6131-184e-e066-404368b653bf}.Release|Any CPU.Build.0 = Release|Any CPU
	EndGlobalSection
	GlobalSection(SolutionProperties) = preSolution
		HideSolutionNode = FALSE
	EndGlobalSection
EndGlobal
